
Microsoft Visual Studio Solution File, Format Version 12.00
# Visual Studio Version 17
VisualStudioVersion = 17.0.31903.59
MinimumVisualStudioVersion = 10.0.40219.1
Project("{2150E333-8FDC-42A3-9474-1A3956D46DE8}") = "src", "src", "{B7B28F33-4ED9-4A6A-8AE1-B9CAF2AF95C5}"
EndProject
Project("{FAE04EC0-301F-11D3-BF4B-00C04F79EFBC}") = "AccountService.Api", "src\AccountService.Api\AccountService.Api.csproj", "{CF71DD62-9294-4538-A50B-21B90CF92CC9}"
EndProject
Project("{FAE04EC0-301F-11D3-BF4B-00C04F79EFBC}") = "AccountService.Application", "src\AccountService.Application\AccountService.Application.csproj", "{85F28B96-E9F4-483A-AB9D-B53CAA04F64C}"
EndProject
Project("{FAE04EC0-301F-11D3-BF4B-00C04F79EFBC}") = "AccountService.Domain", "src\AccountService.Domain\AccountService.Domain.csproj", "{19036920-8E64-4701-8543-FF82FC404DC8}"
EndProject
Project("{FAE04EC0-301F-11D3-BF4B-00C04F79EFBC}") = "AccountService.Infrastructure", "src\AccountService.Infrastructure\AccountService.Infrastructure.csproj", "{E3890C93-A4AC-4EE2-92D3-07BDD92D52AA}"
EndProject
Project("{FAE04EC0-301F-11D3-BF4B-00C04F79EFBC}") = "AccountService.Contracts", "src\AccountService.Contracts\AccountService.Contracts.csproj", "{B516341F-1ABF-4F4C-B821-2B629C4F203F}"
EndProject
Project("{2150E333-8FDC-42A3-9474-1A3956D46DE8}") = "Solution Items", "Solution Items", "{BCBE4D2F-5F5B-42A5-8A23-B9689E560138}"
	ProjectSection(SolutionItems) = preProject
		Directory.Build.props = Directory.Build.props
		global.json = global.json
		dbscript.cmd = dbscript.cmd
	EndProjectSection
EndProject
Project("{FAE04EC0-301F-11D3-BF4B-00C04F79EFBC}") = "AccountService.Communication", "src\AccountService.Communication\AccountService.Communication.csproj", "{C4BE44A8-22E4-4FC4-8CF4-CE8072FE8C50}"
EndProject
Global
	GlobalSection(SolutionConfigurationPlatforms) = preSolution
		Debug|Any CPU = Debug|Any CPU
		Release|Any CPU = Release|Any CPU
	EndGlobalSection
	GlobalSection(SolutionProperties) = preSolution
		HideSolutionNode = FALSE
	EndGlobalSection
	GlobalSection(NestedProjects) = preSolution
		{CF71DD62-9294-4538-A50B-21B90CF92CC9} = {B7B28F33-4ED9-4A6A-8AE1-B9CAF2AF95C5}
		{85F28B96-E9F4-483A-AB9D-B53CAA04F64C} = {B7B28F33-4ED9-4A6A-8AE1-B9CAF2AF95C5}
		{19036920-8E64-4701-8543-FF82FC404DC8} = {B7B28F33-4ED9-4A6A-8AE1-B9CAF2AF95C5}
		{E3890C93-A4AC-4EE2-92D3-07BDD92D52AA} = {B7B28F33-4ED9-4A6A-8AE1-B9CAF2AF95C5}
		{B516341F-1ABF-4F4C-B821-2B629C4F203F} = {B7B28F33-4ED9-4A6A-8AE1-B9CAF2AF95C5}
		{C4BE44A8-22E4-4FC4-8CF4-CE8072FE8C50} = {B7B28F33-4ED9-4A6A-8AE1-B9CAF2AF95C5}
	EndGlobalSection
	GlobalSection(ProjectConfigurationPlatforms) = postSolution
		{CF71DD62-9294-4538-A50B-21B90CF92CC9}.Debug|Any CPU.ActiveCfg = Debug|Any CPU
		{CF71DD62-9294-4538-A50B-21B90CF92CC9}.Debug|Any CPU.Build.0 = Debug|Any CPU
		{CF71DD62-9294-4538-A50B-21B90CF92CC9}.Release|Any CPU.ActiveCfg = Release|Any CPU
		{CF71DD62-9294-4538-A50B-21B90CF92CC9}.Release|Any CPU.Build.0 = Release|Any CPU
		{85F28B96-E9F4-483A-AB9D-B53CAA04F64C}.Debug|Any CPU.ActiveCfg = Debug|Any CPU
		{85F28B96-E9F4-483A-AB9D-B53CAA04F64C}.Debug|Any CPU.Build.0 = Debug|Any CPU
		{85F28B96-E9F4-483A-AB9D-B53CAA04F64C}.Release|Any CPU.ActiveCfg = Release|Any CPU
		{85F28B96-E9F4-483A-AB9D-B53CAA04F64C}.Release|Any CPU.Build.0 = Release|Any CPU
		{19036920-8E64-4701-8543-FF82FC404DC8}.Debug|Any CPU.ActiveCfg = Debug|Any CPU
		{19036920-8E64-4701-8543-FF82FC404DC8}.Debug|Any CPU.Build.0 = Debug|Any CPU
		{19036920-8E64-4701-8543-FF82FC404DC8}.Release|Any CPU.ActiveCfg = Release|Any CPU
		{19036920-8E64-4701-8543-FF82FC404DC8}.Release|Any CPU.Build.0 = Release|Any CPU
		{E3890C93-A4AC-4EE2-92D3-07BDD92D52AA}.Debug|Any CPU.ActiveCfg = Debug|Any CPU
		{E3890C93-A4AC-4EE2-92D3-07BDD92D52AA}.Debug|Any CPU.Build.0 = Debug|Any CPU
		{E3890C93-A4AC-4EE2-92D3-07BDD92D52AA}.Release|Any CPU.ActiveCfg = Release|Any CPU
		{E3890C93-A4AC-4EE2-92D3-07BDD92D52AA}.Release|Any CPU.Build.0 = Release|Any CPU
		{B516341F-1ABF-4F4C-B821-2B629C4F203F}.Debug|Any CPU.ActiveCfg = Debug|Any CPU
		{B516341F-1ABF-4F4C-B821-2B629C4F203F}.Debug|Any CPU.Build.0 = Debug|Any CPU
		{B516341F-1ABF-4F4C-B821-2B629C4F203F}.Release|Any CPU.ActiveCfg = Release|Any CPU
		{B516341F-1ABF-4F4C-B821-2B629C4F203F}.Release|Any CPU.Build.0 = Release|Any CPU
		{C4BE44A8-22E4-4FC4-8CF4-CE8072FE8C50}.Debug|Any CPU.ActiveCfg = Debug|Any CPU
		{C4BE44A8-22E4-4FC4-8CF4-CE8072FE8C50}.Debug|Any CPU.Build.0 = Debug|Any CPU
		{C4BE44A8-22E4-4FC4-8CF4-CE8072FE8C50}.Release|Any CPU.ActiveCfg = Release|Any CPU
		{C4BE44A8-22E4-4FC4-8CF4-CE8072FE8C50}.Release|Any CPU.Build.0 = Release|Any CPU
	EndGlobalSection
EndGlobal
